
Microsoft Visual Studio Solution File, Format Version 12.00
# Visual Studio Version 16
VisualStudioVersion = 16.0.30011.22
MinimumVisualStudioVersion = 10.0.40219.1
Project("{9A19103F-16F7-4668-BE54-9A1E7A4F7556}") = "Common_Core", "Common_Core\Common_Core.csproj", "{19CA503A-00F2-4076-BDE8-14E21D5444F8}"
EndProject
Project("{9A19103F-16F7-4668-BE54-9A1E7A4F7556}") = "Filetypes_Core", "Filetypes_Core\Filetypes_Core.csproj", "{503DEC54-36E0-4B9E-A0B7-B02773764B68}"
EndProject
Project("{9A19103F-16F7-4668-BE54-9A1E7A4F7556}") = "twwstats-dataexporter", "twwstats_dataexporter\twwstats-dataexporter.csproj", "{0C7BDF1A-DB03-4497-8D50-14BFB0219BB1}"
EndProject
Global
	GlobalSection(SolutionConfigurationPlatforms) = preSolution
		Debug|Any CPU = Debug|Any CPU
		Release|Any CPU = Release|Any CPU
	EndGlobalSection
	GlobalSection(ProjectConfigurationPlatforms) = postSolution
		{19CA503A-00F2-4076-BDE8-14E21D5444F8}.Debug|Any CPU.ActiveCfg = Debug|Any CPU
		{19CA503A-00F2-4076-BDE8-14E21D5444F8}.Debug|Any CPU.Build.0 = Debug|Any CPU
		{19CA503A-00F2-4076-BDE8-14E21D5444F8}.Release|Any CPU.ActiveCfg = Release|Any CPU
		{19CA503A-00F2-4076-BDE8-14E21D5444F8}.Release|Any CPU.Build.0 = Release|Any CPU
		{503DEC54-36E0-4B9E-A0B7-B02773764B68}.Debug|Any CPU.ActiveCfg = Debug|Any CPU
		{503DEC54-36E0-4B9E-A0B7-B02773764B68}.Debug|Any CPU.Build.0 = Debug|Any CPU
		{503DEC54-36E0-4B9E-A0B7-B02773764B68}.Release|Any CPU.ActiveCfg = Release|Any CPU
		{503DEC54-36E0-4B9E-A0B7-B02773764B68}.Release|Any CPU.Build.0 = Release|Any CPU
		{0C7BDF1A-DB03-4497-8D50-14BFB0219BB1}.Debug|Any CPU.ActiveCfg = Debug|Any CPU
		{0C7BDF1A-DB03-4497-8D50-14BFB0219BB1}.Debug|Any CPU.Build.0 = Debug|Any CPU
		{0C7BDF1A-DB03-4497-8D50-14BFB0219BB1}.Release|Any CPU.ActiveCfg = Release|Any CPU
		{0C7BDF1A-DB03-4497-8D50-14BFB0219BB1}.Release|Any CPU.Build.0 = Release|Any CPU
	EndGlobalSection
	GlobalSection(SolutionProperties) = preSolution
		HideSolutionNode = FALSE
	EndGlobalSection
	GlobalSection(ExtensibilityGlobals) = postSolution
		SolutionGuid = {58BE3572-1E63-41C8-8C30-5CF3C4A879B6}
	EndGlobalSection
EndGlobal
